// !$*UTF8*$!
{
	archiveVersion = 1;
	classes = {
	};
	objectVersion = 50;
	objects = {

/* Begin PBXBuildFile section */
		651A261123FF580900E1AACD /* AppDelegate.swift in Sources */ = {isa = PBXBuildFile; fileRef = 651A261023FF580900E1AACD /* AppDelegate.swift */; };
		651A261323FF580900E1AACD /* SceneDelegate.swift in Sources */ = {isa = PBXBuildFile; fileRef = 651A261223FF580900E1AACD /* SceneDelegate.swift */; };
		651A261523FF580900E1AACD /* ViewController.swift in Sources */ = {isa = PBXBuildFile; fileRef = 651A261423FF580900E1AACD /* ViewController.swift */; };
		651A261823FF580900E1AACD /* Main.storyboard in Resources */ = {isa = PBXBuildFile; fileRef = 651A261623FF580900E1AACD /* Main.storyboard */; };
		651A261A23FF580A00E1AACD /* Assets.xcassets in Resources */ = {isa = PBXBuildFile; fileRef = 651A261923FF580A00E1AACD /* Assets.xcassets */; };
		651A261D23FF580A00E1AACD /* LaunchScreen.storyboard in Resources */ = {isa = PBXBuildFile; fileRef = 651A261B23FF580A00E1AACD /* LaunchScreen.storyboard */; };
		651A262823FF580A00E1AACD /* ParstagramTests.swift in Sources */ = {isa = PBXBuildFile; fileRef = 651A262723FF580A00E1AACD /* ParstagramTests.swift */; };
		651A263323FF580A00E1AACD /* ParstagramUITests.swift in Sources */ = {isa = PBXBuildFile; fileRef = 651A263223FF580A00E1AACD /* ParstagramUITests.swift */; };
/* End PBXBuildFile section */

/* Begin PBXContainerItemProxy section */
		651A262423FF580A00E1AACD /* PBXContainerItemProxy */ = {
			isa = PBXContainerItemProxy;
			containerPortal = 651A260523FF580900E1AACD /* Project object */;
			proxyType = 1;
			remoteGlobalIDString = 651A260C23FF580900E1AACD;
			remoteInfo = Parstagram;
		};
		651A262F23FF580A00E1AACD /* PBXContainerItemProxy */ = {
			isa = PBXContainerItemProxy;
			containerPortal = 651A260523FF580900E1AACD /* Project object */;
			proxyType = 1;
			remoteGlobalIDString = 651A260C23FF580900E1AACD;
			remoteInfo = Parstagram;
		};
/* End PBXContainerItemProxy section */

/* Begin PBXFileReference section */
		651A260D23FF580900E1AACD /* Parstagram.app */ = {isa = PBXFileReference; explicitFileType = wrapper.application; includeInIndex = 0; path = Parstagram.app; sourceTree = BUILT_PRODUCTS_DIR; };
		651A261023FF580900E1AACD /* AppDelegate.swift */ = {isa = PBXFileReference; lastKnownFileType = sourcecode.swift; path = AppDelegate.swift; sourceTree = "<group>"; };
		651A261223FF580900E1AACD /* SceneDelegate.swift */ = {isa = PBXFileReference; lastKnownFileType = sourcecode.swift; path = SceneDelegate.swift; sourceTree = "<group>"; };
		651A261423FF580900E1AACD /* ViewController.swift */ = {isa = PBXFileReference; lastKnownFileType = sourcecode.swift; path = ViewController.swift; sourceTree = "<group>"; };
		651A261723FF580900E1AACD /* Base */ = {isa = PBXFileReference; lastKnownFileType = file.storyboard; name = Base; path = Base.lproj/Main.storyboard; sourceTree = "<group>"; };
		651A261923FF580A00E1AACD /* Assets.xcassets */ = {isa = PBXFileReference; lastKnownFileType = folder.assetcatalog; path = Assets.xcassets; sourceTree = "<group>"; };
		651A261C23FF580A00E1AACD /* Base */ = {isa = PBXFileReference; lastKnownFileType = file.storyboard; name = Base; path = Base.lproj/LaunchScreen.storyboard; sourceTree = "<group>"; };
		651A261E23FF580A00E1AACD /* Info.plist */ = {isa = PBXFileReference; lastKnownFileType = text.plist.xml; path = Info.plist; sourceTree = "<group>"; };
		651A262323FF580A00E1AACD /* ParstagramTests.xctest */ = {isa = PBXFileReference; explicitFileType = wrapper.cfbundle; includeInIndex = 0; path = ParstagramTests.xctest; sourceTree = BUILT_PRODUCTS_DIR; };
		651A262723FF580A00E1AACD /* ParstagramTests.swift */ = {isa = PBXFileReference; lastKnownFileType = sourcecode.swift; path = ParstagramTests.swift; sourceTree = "<group>"; };
		651A262923FF580A00E1AACD /* Info.plist */ = {isa = PBXFileReference; lastKnownFileType = text.plist.xml; path = Info.plist; sourceTree = "<group>"; };
		651A262E23FF580A00E1AACD /* ParstagramUITests.xctest */ = {isa = PBXFileReference; explicitFileType = wrapper.cfbundle; includeInIndex = 0; path = ParstagramUITests.xctest; sourceTree = BUILT_PRODUCTS_DIR; };
		651A263223FF580A00E1AACD /* ParstagramUITests.swift */ = {isa = PBXFileReference; lastKnownFileType = sourcecode.swift; path = ParstagramUITests.swift; sourceTree = "<group>"; };
		651A263423FF580A00E1AACD /* Info.plist */ = {isa = PBXFileReference; lastKnownFileType = text.plist.xml; path = Info.plist; sourceTree = "<group>"; };
/* End PBXFileReference section */

/* Begin PBXFrameworksBuildPhase section */
		651A260A23FF580900E1AACD /* Frameworks */ = {
			isa = PBXFrameworksBuildPhase;
			buildActionMask = 2147483647;
			files = (
			);
			runOnlyForDeploymentPostprocessing = 0;
		};
		651A262023FF580A00E1AACD /* Frameworks */ = {
			isa = PBXFrameworksBuildPhase;
			buildActionMask = 2147483647;
			files = (
			);
			runOnlyForDeploymentPostprocessing = 0;
		};
		651A262B23FF580A00E1AACD /* Frameworks */ = {
			isa = PBXFrameworksBuildPhase;
			buildActionMask = 2147483647;
			files = (
			);
			runOnlyForDeploymentPostprocessing = 0;
		};
/* End PBXFrameworksBuildPhase section */

/* Begin PBXGroup section */
		651A260423FF580900E1AACD = {
			isa = PBXGroup;
			children = (
				651A260F23FF580900E1AACD /* Parstagram */,
				651A262623FF580A00E1AACD /* ParstagramTests */,
				651A263123FF580A00E1AACD /* ParstagramUITests */,
				651A260E23FF580900E1AACD /* Products */,
			);
			sourceTree = "<group>";
		};
		651A260E23FF580900E1AACD /* Products */ = {
			isa = PBXGroup;
			children = (
				651A260D23FF580900E1AACD /* Parstagram.app */,
				651A262323FF580A00E1AACD /* ParstagramTests.xctest */,
				651A262E23FF580A00E1AACD /* ParstagramUITests.xctest */,
			);
			name = Products;
			sourceTree = "<group>";
		};
		651A260F23FF580900E1AACD /* Parstagram */ = {
			isa = PBXGroup;
			children = (
				651A261023FF580900E1AACD /* AppDelegate.swift */,
				651A261223FF580900E1AACD /* SceneDelegate.swift */,
				651A261423FF580900E1AACD /* ViewController.swift */,
				651A261623FF580900E1AACD /* Main.storyboard */,
				651A261923FF580A00E1AACD /* Assets.xcassets */,
				651A261B23FF580A00E1AACD /* LaunchScreen.storyboard */,
				651A261E23FF580A00E1AACD /* Info.plist */,
			);
			path = Parstagram;
			sourceTree = "<group>";
		};
		651A262623FF580A00E1AACD /* ParstagramTests */ = {
			isa = PBXGroup;
			children = (
				651A262723FF580A00E1AACD /* ParstagramTests.swift */,
				651A262923FF580A00E1AACD /* Info.plist */,
			);
			path = ParstagramTests;
			sourceTree = "<group>";
		};
		651A263123FF580A00E1AACD /* ParstagramUITests */ = {
			isa = PBXGroup;
			children = (
				651A263223FF580A00E1AACD /* ParstagramUITests.swift */,
				651A263423FF580A00E1AACD /* Info.plist */,
			);
			path = ParstagramUITests;
			sourceTree = "<group>";
		};
/* End PBXGroup section */

/* Begin PBXNativeTarget section */
		651A260C23FF580900E1AACD /* Parstagram */ = {
			isa = PBXNativeTarget;
			buildConfigurationList = 651A263723FF580A00E1AACD /* Build configuration list for PBXNativeTarget "Parstagram" */;
			buildPhases = (
				651A260923FF580900E1AACD /* Sources */,
				651A260A23FF580900E1AACD /* Frameworks */,
				651A260B23FF580900E1AACD /* Resources */,
			);
			buildRules = (
			);
			dependencies = (
			);
			name = Parstagram;
			productName = Parstagram;
			productReference = 651A260D23FF580900E1AACD /* Parstagram.app */;
			productType = "com.apple.product-type.application";
		};
		651A262223FF580A00E1AACD /* ParstagramTests */ = {
			isa = PBXNativeTarget;
			buildConfigurationList = 651A263A23FF580A00E1AACD /* Build configuration list for PBXNativeTarget "ParstagramTests" */;
			buildPhases = (
				651A261F23FF580A00E1AACD /* Sources */,
				651A262023FF580A00E1AACD /* Frameworks */,
				651A262123FF580A00E1AACD /* Resources */,
			);
			buildRules = (
			);
			dependencies = (
				651A262523FF580A00E1AACD /* PBXTargetDependency */,
			);
			name = ParstagramTests;
			productName = ParstagramTests;
			productReference = 651A262323FF580A00E1AACD /* ParstagramTests.xctest */;
			productType = "com.apple.product-type.bundle.unit-test";
		};
		651A262D23FF580A00E1AACD /* ParstagramUITests */ = {
			isa = PBXNativeTarget;
			buildConfigurationList = 651A263D23FF580A00E1AACD /* Build configuration list for PBXNativeTarget "ParstagramUITests" */;
			buildPhases = (
				651A262A23FF580A00E1AACD /* Sources */,
				651A262B23FF580A00E1AACD /* Frameworks */,
				651A262C23FF580A00E1AACD /* Resources */,
			);
			buildRules = (
			);
			dependencies = (
				651A263023FF580A00E1AACD /* PBXTargetDependency */,
			);
			name = ParstagramUITests;
			productName = ParstagramUITests;
			productReference = 651A262E23FF580A00E1AACD /* ParstagramUITests.xctest */;
			productType = "com.apple.product-type.bundle.ui-testing";
		};
/* End PBXNativeTarget section */

/* Begin PBXProject section */
		651A260523FF580900E1AACD /* Project object */ = {
			isa = PBXProject;
			attributes = {
				LastSwiftUpdateCheck = 1130;
				LastUpgradeCheck = 1130;
				ORGANIZATIONNAME = "Tommy Nguyen";
				TargetAttributes = {
					651A260C23FF580900E1AACD = {
						CreatedOnToolsVersion = 11.3;
					};
					651A262223FF580A00E1AACD = {
						CreatedOnToolsVersion = 11.3;
						TestTargetID = 651A260C23FF580900E1AACD;
					};
					651A262D23FF580A00E1AACD = {
						CreatedOnToolsVersion = 11.3;
						TestTargetID = 651A260C23FF580900E1AACD;
					};
				};
			};
			buildConfigurationList = 651A260823FF580900E1AACD /* Build configuration list for PBXProject "Parstagram" */;
			compatibilityVersion = "Xcode 9.3";
			developmentRegion = en;
			hasScannedForEncodings = 0;
			knownRegions = (
				en,
				Base,
			);
			mainGroup = 651A260423FF580900E1AACD;
			productRefGroup = 651A260E23FF580900E1AACD /* Products */;
			projectDirPath = "";
			projectRoot = "";
			targets = (
				651A260C23FF580900E1AACD /* Parstagram */,
				651A262223FF580A00E1AACD /* ParstagramTests */,
				651A262D23FF580A00E1AACD /* ParstagramUITests */,
			);
		};
/* End PBXProject section */

/* Begin PBXResourcesBuildPhase section */
		651A260B23FF580900E1AACD /* Resources */ = {
			isa = PBXResourcesBuildPhase;
			buildActionMask = 2147483647;
			files = (
				651A261D23FF580A00E1AACD /* LaunchScreen.storyboard in Resources */,
				651A261A23FF580A00E1AACD /* Assets.xcassets in Resources */,
				651A261823FF580900E1AACD /* Main.storyboard in Resources */,
			);
			runOnlyForDeploymentPostprocessing = 0;
		};
		651A262123FF580A00E1AACD /* Resources */ = {
			isa = PBXResourcesBuildPhase;
			buildActionMask = 2147483647;
			files = (
			);
			runOnlyForDeploymentPostprocessing = 0;
		};
		651A262C23FF580A00E1AACD /* Resources */ = {
			isa = PBXResourcesBuildPhase;
			buildActionMask = 2147483647;
			files = (
			);
			runOnlyForDeploymentPostprocessing = 0;
		};
/* End PBXResourcesBuildPhase section */

/* Begin PBXSourcesBuildPhase section */
		651A260923FF580900E1AACD /* Sources */ = {
			isa = PBXSourcesBuildPhase;
			buildActionMask = 2147483647;
			files = (
				651A261523FF580900E1AACD /* ViewController.swift in Sources */,
				651A261123FF580900E1AACD /* AppDelegate.swift in Sources */,
				651A261323FF580900E1AACD /* SceneDelegate.swift in Sources */,
			);
			runOnlyForDeploymentPostprocessing = 0;
		};
		651A261F23FF580A00E1AACD /* Sources */ = {
			isa = PBXSourcesBuildPhase;
			buildActionMask = 2147483647;
			files = (
				651A262823FF580A00E1AACD /* ParstagramTests.swift in Sources */,
			);
			runOnlyForDeploymentPostprocessing = 0;
		};
		651A262A23FF580A00E1AACD /* Sources */ = {
			isa = PBXSourcesBuildPhase;
			buildActionMask = 2147483647;
			files = (
				651A263323FF580A00E1AACD /* ParstagramUITests.swift in Sources */,
			);
			runOnlyForDeploymentPostprocessing = 0;
		};
/* End PBXSourcesBuildPhase section */

/* Begin PBXTargetDependency section */
		651A262523FF580A00E1AACD /* PBXTargetDependency */ = {
			isa = PBXTargetDependency;
			target = 651A260C23FF580900E1AACD /* Parstagram */;
			targetProxy = 651A262423FF580A00E1AACD /* PBXContainerItemProxy */;
		};
		651A263023FF580A00E1AACD /* PBXTargetDependency */ = {
			isa = PBXTargetDependency;
			target = 651A260C23FF580900E1AACD /* Parstagram */;
			targetProxy = 651A262F23FF580A00E1AACD /* PBXContainerItemProxy */;
		};
/* End PBXTargetDependency section */

/* Begin PBXVariantGroup section */
		651A261623FF580900E1AACD /* Main.storyboard */ = {
			isa = PBXVariantGroup;
			children = (
				651A261723FF580900E1AACD /* Base */,
			);
			name = Main.storyboard;
			sourceTree = "<group>";
		};
		651A261B23FF580A00E1AACD /* LaunchScreen.storyboard */ = {
			isa = PBXVariantGroup;
			children = (
				651A261C23FF580A00E1AACD /* Base */,
			);
			name = LaunchScreen.storyboard;
			sourceTree = "<group>";
		};
/* End PBXVariantGroup section */

/* Begin XCBuildConfiguration section */
		651A263523FF580A00E1AACD /* Debug */ = {
			isa = XCBuildConfiguration;
			buildSettings = {
				ALWAYS_SEARCH_USER_PATHS = NO;
				CLANG_ANALYZER_NONNULL = YES;
				CLANG_ANALYZER_NUMBER_OBJECT_CONVERSION = YES_AGGRESSIVE;
				CLANG_CXX_LANGUAGE_STANDARD = "gnu++14";
				CLANG_CXX_LIBRARY = "libc++";
				CLANG_ENABLE_MODULES = YES;
				CLANG_ENABLE_OBJC_ARC = YES;
				CLANG_ENABLE_OBJC_WEAK = YES;
				CLANG_WARN_BLOCK_CAPTURE_AUTORELEASING = YES;
				CLANG_WARN_BOOL_CONVERSION = YES;
				CLANG_WARN_COMMA = YES;
				CLANG_WARN_CONSTANT_CONVERSION = YES;
				CLANG_WARN_DEPRECATED_OBJC_IMPLEMENTATIONS = YES;
				CLANG_WARN_DIRECT_OBJC_ISA_USAGE = YES_ERROR;
				CLANG_WARN_DOCUMENTATION_COMMENTS = YES;
				CLANG_WARN_EMPTY_BODY = YES;
				CLANG_WARN_ENUM_CONVERSION = YES;
				CLANG_WARN_INFINITE_RECURSION = YES;
				CLANG_WARN_INT_CONVERSION = YES;
				CLANG_WARN_NON_LITERAL_NULL_CONVERSION = YES;
				CLANG_WARN_OBJC_IMPLICIT_RETAIN_SELF = YES;
				CLANG_WARN_OBJC_LITERAL_CONVERSION = YES;
				CLANG_WARN_OBJC_ROOT_CLASS = YES_ERROR;
				CLANG_WARN_RANGE_LOOP_ANALYSIS = YES;
				CLANG_WARN_STRICT_PROTOTYPES = YES;
				CLANG_WARN_SUSPICIOUS_MOVE = YES;
				CLANG_WARN_UNGUARDED_AVAILABILITY = YES_AGGRESSIVE;
				CLANG_WARN_UNREACHABLE_CODE = YES;
				CLANG_WARN__DUPLICATE_METHOD_MATCH = YES;
				COPY_PHASE_STRIP = NO;
				DEBUG_INFORMATION_FORMAT = dwarf;
				ENABLE_STRICT_OBJC_MSGSEND = YES;
				ENABLE_TESTABILITY = YES;
				GCC_C_LANGUAGE_STANDARD = gnu11;
				GCC_DYNAMIC_NO_PIC = NO;
				GCC_NO_COMMON_BLOCKS = YES;
				GCC_OPTIMIZATION_LEVEL = 0;
				GCC_PREPROCESSOR_DEFINITIONS = (
					"DEBUG=1",
					"$(inherited)",
				);
				GCC_WARN_64_TO_32_BIT_CONVERSION = YES;
				GCC_WARN_ABOUT_RETURN_TYPE = YES_ERROR;
				GCC_WARN_UNDECLARED_SELECTOR = YES;
				GCC_WARN_UNINITIALIZED_AUTOS = YES_AGGRESSIVE;
				GCC_WARN_UNUSED_FUNCTION = YES;
				GCC_WARN_UNUSED_VARIABLE = YES;
				IPHONEOS_DEPLOYMENT_TARGET = 13.2;
				MTL_ENABLE_DEBUG_INFO = INCLUDE_SOURCE;
				MTL_FAST_MATH = YES;
				ONLY_ACTIVE_ARCH = YES;
				SDKROOT = iphoneos;
				SWIFT_ACTIVE_COMPILATION_CONDITIONS = DEBUG;
				SWIFT_OPTIMIZATION_LEVEL = "-Onone";
			};
			name = Debug;
		};
		651A263623FF580A00E1AACD /* Release */ = {
			isa = XCBuildConfiguration;
			buildSettings = {
				ALWAYS_SEARCH_USER_PATHS = NO;
				CLANG_ANALYZER_NONNULL = YES;
				CLANG_ANALYZER_NUMBER_OBJECT_CONVERSION = YES_AGGRESSIVE;
				CLANG_CXX_LANGUAGE_STANDARD = "gnu++14";
				CLANG_CXX_LIBRARY = "libc++";
				CLANG_ENABLE_MODULES = YES;
				CLANG_ENABLE_OBJC_ARC = YES;
				CLANG_ENABLE_OBJC_WEAK = YES;
				CLANG_WARN_BLOCK_CAPTURE_AUTORELEASING = YES;
				CLANG_WARN_BOOL_CONVERSION = YES;
				CLANG_WARN_COMMA = YES;
				CLANG_WARN_CONSTANT_CONVERSION = YES;
				CLANG_WARN_DEPRECATED_OBJC_IMPLEMENTATIONS = YES;
				CLANG_WARN_DIRECT_OBJC_ISA_USAGE = YES_ERROR;
				CLANG_WARN_DOCUMENTATION_COMMENTS = YES;
				CLANG_WARN_EMPTY_BODY = YES;
				CLANG_WARN_ENUM_CONVERSION = YES;
				CLANG_WARN_INFINITE_RECURSION = YES;
				CLANG_WARN_INT_CONVERSION = YES;
				CLANG_WARN_NON_LITERAL_NULL_CONVERSION = YES;
				CLANG_WARN_OBJC_IMPLICIT_RETAIN_SELF = YES;
				CLANG_WARN_OBJC_LITERAL_CONVERSION = YES;
				CLANG_WARN_OBJC_ROOT_CLASS = YES_ERROR;
				CLANG_WARN_RANGE_LOOP_ANALYSIS = YES;
				CLANG_WARN_STRICT_PROTOTYPES = YES;
				CLANG_WARN_SUSPICIOUS_MOVE = YES;
				CLANG_WARN_UNGUARDED_AVAILABILITY = YES_AGGRESSIVE;
				CLANG_WARN_UNREACHABLE_CODE = YES;
				CLANG_WARN__DUPLICATE_METHOD_MATCH = YES;
				COPY_PHASE_STRIP = NO;
				DEBUG_INFORMATION_FORMAT = "dwarf-with-dsym";
				ENABLE_NS_ASSERTIONS = NO;
				ENABLE_STRICT_OBJC_MSGSEND = YES;
				GCC_C_LANGUAGE_STANDARD = gnu11;
				GCC_NO_COMMON_BLOCKS = YES;
				GCC_WARN_64_TO_32_BIT_CONVERSION = YES;
				GCC_WARN_ABOUT_RETURN_TYPE = YES_ERROR;
				GCC_WARN_UNDECLARED_SELECTOR = YES;
				GCC_WARN_UNINITIALIZED_AUTOS = YES_AGGRESSIVE;
				GCC_WARN_UNUSED_FUNCTION = YES;
				GCC_WARN_UNUSED_VARIABLE = YES;
				IPHONEOS_DEPLOYMENT_TARGET = 13.2;
				MTL_ENABLE_DEBUG_INFO = NO;
				MTL_FAST_MATH = YES;
				SDKROOT = iphoneos;
				SWIFT_COMPILATION_MODE = wholemodule;
				SWIFT_OPTIMIZATION_LEVEL = "-O";
				VALIDATE_PRODUCT = YES;
			};
			name = Release;
		};
		651A263823FF580A00E1AACD /* Debug */ = {
			isa = XCBuildConfiguration;
			buildSettings = {
				ASSETCATALOG_COMPILER_APPICON_NAME = AppIcon;
				CODE_SIGN_STYLE = Automatic;
				DEVELOPMENT_TEAM = P74A6792VC;
				INFOPLIST_FILE = Parstagram/Info.plist;
				LD_RUNPATH_SEARCH_PATHS = (
					"$(inherited)",
					"@executable_path/Frameworks",
				);
				PRODUCT_BUNDLE_IDENTIFIER = CodePath.Parstagram;
				PRODUCT_NAME = "$(TARGET_NAME)";
				SWIFT_VERSION = 5.0;
				TARGETED_DEVICE_FAMILY = "1,2";
			};
			name = Debug;
		};
		651A263923FF580A00E1AACD /* Release */ = {
			isa = XCBuildConfiguration;
			buildSettings = {
				ASSETCATALOG_COMPILER_APPICON_NAME = AppIcon;
				CODE_SIGN_STYLE = Automatic;
				DEVELOPMENT_TEAM = P74A6792VC;
				INFOPLIST_FILE = Parstagram/Info.plist;
				LD_RUNPATH_SEARCH_PATHS = (
					"$(inherited)",
					"@executable_path/Frameworks",
				);
				PRODUCT_BUNDLE_IDENTIFIER = CodePath.Parstagram;
				PRODUCT_NAME = "$(TARGET_NAME)";
				SWIFT_VERSION = 5.0;
				TARGETED_DEVICE_FAMILY = "1,2";
			};
			name = Release;
		};
		651A263B23FF580A00E1AACD /* Debug */ = {
			isa = XCBuildConfiguration;
			buildSettings = {
				ALWAYS_EMBED_SWIFT_STANDARD_LIBRARIES = YES;
				BUNDLE_LOADER = "$(TEST_HOST)";
				CODE_SIGN_STYLE = Automatic;
				DEVELOPMENT_TEAM = P74A6792VC;
				INFOPLIST_FILE = ParstagramTests/Info.plist;
				IPHONEOS_DEPLOYMENT_TARGET = 13.2;
				LD_RUNPATH_SEARCH_PATHS = (
					"$(inherited)",
					"@executable_path/Frameworks",
					"@loader_path/Frameworks",
				);
				PRODUCT_BUNDLE_IDENTIFIER = CodePath.ParstagramTests;
				PRODUCT_NAME = "$(TARGET_NAME)";
				SWIFT_VERSION = 5.0;
				TARGETED_DEVICE_FAMILY = "1,2";
				TEST_HOST = "$(BUILT_PRODUCTS_DIR)/Parstagram.app/Parstagram";
			};
			name = Debug;
		};
		651A263C23FF580A00E1AACD /* Release */ = {
			isa = XCBuildConfiguration;
			buildSettings = {
				ALWAYS_EMBED_SWIFT_STANDARD_LIBRARIES = YES;
				BUNDLE_LOADER = "$(TEST_HOST)";
				CODE_SIGN_STYLE = Automatic;
				DEVELOPMENT_TEAM = P74A6792VC;
				INFOPLIST_FILE = ParstagramTests/Info.plist;
				IPHONEOS_DEPLOYMENT_TARGET = 13.2;
				LD_RUNPATH_SEARCH_PATHS = (
					"$(inherited)",
					"@executable_path/Frameworks",
					"@loader_path/Frameworks",
				);
				PRODUCT_BUNDLE_IDENTIFIER = CodePath.ParstagramTests;
				PRODUCT_NAME = "$(TARGET_NAME)";
				SWIFT_VERSION = 5.0;
				TARGETED_DEVICE_FAMILY = "1,2";
				TEST_HOST = "$(BUILT_PRODUCTS_DIR)/Parstagram.app/Parstagram";
			};
			name = Release;
		};
		651A263E23FF580A00E1AACD /* Debug */ = {
			isa = XCBuildConfiguration;
			buildSettings = {
				ALWAYS_EMBED_SWIFT_STANDARD_LIBRARIES = YES;
				CODE_SIGN_STYLE = Automatic;
				DEVELOPMENT_TEAM = P74A6792VC;
				INFOPLIST_FILE = ParstagramUITests/Info.plist;
				LD_RUNPATH_SEARCH_PATHS = (
					"$(inherited)",
					"@executable_path/Frameworks",
					"@loader_path/Frameworks",
				);
				PRODUCT_BUNDLE_IDENTIFIER = CodePath.ParstagramUITests;
				PRODUCT_NAME = "$(TARGET_NAME)";
				SWIFT_VERSION = 5.0;
				TARGETED_DEVICE_FAMILY = "1,2";
				TEST_TARGET_NAME = Parstagram;
			};
			name = Debug;
		};
		651A263F23FF580A00E1AACD /* Release */ = {
			isa = XCBuildConfiguration;
			buildSettings = {
				ALWAYS_EMBED_SWIFT_STANDARD_LIBRARIES = YES;
				CODE_SIGN_STYLE = Automatic;
				DEVELOPMENT_TEAM = P74A6792VC;
				INFOPLIST_FILE = ParstagramUITests/Info.plist;
				LD_RUNPATH_SEARCH_PATHS = (
					"$(inherited)",
					"@executable_path/Frameworks",
					"@loader_path/Frameworks",
				);
				PRODUCT_BUNDLE_IDENTIFIER = CodePath.ParstagramUITests;
				PRODUCT_NAME = "$(TARGET_NAME)";
				SWIFT_VERSION = 5.0;
				TARGETED_DEVICE_FAMILY = "1,2";
				TEST_TARGET_NAME = Parstagram;
			};
			name = Release;
		};
/* End XCBuildConfiguration section */

/* Begin XCConfigurationList section */
		651A260823FF580900E1AACD /* Build configuration list for PBXProject "Parstagram" */ = {
			isa = XCConfigurationList;
			buildConfigurations = (
				651A263523FF580A00E1AACD /* Debug */,
				651A263623FF580A00E1AACD /* Release */,
			);
			defaultConfigurationIsVisible = 0;
			defaultConfigurationName = Release;
		};
		651A263723FF580A00E1AACD /* Build configuration list for PBXNativeTarget "Parstagram" */ = {
			isa = XCConfigurationList;
			buildConfigurations = (
				651A263823FF580A00E1AACD /* Debug */,
				651A263923FF580A00E1AACD /* Release */,
			);
			defaultConfigurationIsVisible = 0;
			defaultConfigurationName = Release;
		};
		651A263A23FF580A00E1AACD /* Build configuration list for PBXNativeTarget "ParstagramTests" */ = {
			isa = XCConfigurationList;
			buildConfigurations = (
				651A263B23FF580A00E1AACD /* Debug */,
				651A263C23FF580A00E1AACD /* Release */,
			);
			defaultConfigurationIsVisible = 0;
			defaultConfigurationName = Release;
		};
		651A263D23FF580A00E1AACD /* Build configuration list for PBXNativeTarget "ParstagramUITests" */ = {
			isa = XCConfigurationList;
			buildConfigurations = (
				651A263E23FF580A00E1AACD /* Debug */,
				651A263F23FF580A00E1AACD /* Release */,
			);
			defaultConfigurationIsVisible = 0;
			defaultConfigurationName = Release;
		};
/* End XCConfigurationList section */
	};
	rootObject = 651A260523FF580900E1AACD /* Project object */;
}
