// !$*UTF8*$!
{
	archiveVersion = 1;
	classes = {
	};
	objectVersion = 51;
	objects = {

/* Begin PBXBuildFile section */
		6198D25A4DB005FE14CCC6C2 /* Pods_ParstagramTests.framework in Frameworks */ = {isa = PBXBuildFile; fileRef = 8FF8B2B3AF8CB7448B5B0F75 /* Pods_ParstagramTests.framework */; };
		651A261123FF580900E1AACD /* AppDelegate.swift in Sources */ = {isa = PBXBuildFile; fileRef = 651A261023FF580900E1AACD /* AppDelegate.swift */; };
		651A261323FF580900E1AACD /* SceneDelegate.swift in Sources */ = {isa = PBXBuildFile; fileRef = 651A261223FF580900E1AACD /* SceneDelegate.swift */; };
		651A261823FF580900E1AACD /* Main.storyboard in Resources */ = {isa = PBXBuildFile; fileRef = 651A261623FF580900E1AACD /* Main.storyboard */; };
		651A261A23FF580A00E1AACD /* Assets.xcassets in Resources */ = {isa = PBXBuildFile; fileRef = 651A261923FF580A00E1AACD /* Assets.xcassets */; };
		651A261D23FF580A00E1AACD /* LaunchScreen.storyboard in Resources */ = {isa = PBXBuildFile; fileRef = 651A261B23FF580A00E1AACD /* LaunchScreen.storyboard */; };
		651A262823FF580A00E1AACD /* ParstagramTests.swift in Sources */ = {isa = PBXBuildFile; fileRef = 651A262723FF580A00E1AACD /* ParstagramTests.swift */; };
		651A263323FF580A00E1AACD /* ParstagramUITests.swift in Sources */ = {isa = PBXBuildFile; fileRef = 651A263223FF580A00E1AACD /* ParstagramUITests.swift */; };
		65763CF1240640690001F7E0 /* CommentCell.swift in Sources */ = {isa = PBXBuildFile; fileRef = 65763CF0240640690001F7E0 /* CommentCell.swift */; };
		658F7C4623FF5A5A0012FC0A /* LoginViewController.swift in Sources */ = {isa = PBXBuildFile; fileRef = 658F7C4523FF5A5A0012FC0A /* LoginViewController.swift */; };
		658F7C4823FF63800012FC0A /* CameraViewController.swift in Sources */ = {isa = PBXBuildFile; fileRef = 658F7C4723FF63800012FC0A /* CameraViewController.swift */; };
		658F7C4A23FF6BFD0012FC0A /* PostCell.swift in Sources */ = {isa = PBXBuildFile; fileRef = 658F7C4923FF6BFD0012FC0A /* PostCell.swift */; };
		658F7C4C23FF6C680012FC0A /* FeedViewController.swift in Sources */ = {isa = PBXBuildFile; fileRef = 658F7C4B23FF6C680012FC0A /* FeedViewController.swift */; };
		AA299B15A601724BE38D9E38 /* Pods_Parstagram.framework in Frameworks */ = {isa = PBXBuildFile; fileRef = 5E3FE3853C8CAB8883689683 /* Pods_Parstagram.framework */; };
		D2114062981B88AF920C17AF /* Pods_Parstagram_ParstagramUITests.framework in Frameworks */ = {isa = PBXBuildFile; fileRef = 66BC70360CD969A348F3EDF3 /* Pods_Parstagram_ParstagramUITests.framework */; };
/* End PBXBuildFile section */

/* Begin PBXContainerItemProxy section */
		651A262423FF580A00E1AACD /* PBXContainerItemProxy */ = {
			isa = PBXContainerItemProxy;
			containerPortal = 651A260523FF580900E1AACD /* Project object */;
			proxyType = 1;
			remoteGlobalIDString = 651A260C23FF580900E1AACD;
			remoteInfo = Parstagram;
		};
		651A262F23FF580A00E1AACD /* PBXContainerItemProxy */ = {
			isa = PBXContainerItemProxy;
			containerPortal = 651A260523FF580900E1AACD /* Project object */;
			proxyType = 1;
			remoteGlobalIDString = 651A260C23FF580900E1AACD;
			remoteInfo = Parstagram;
		};
/* End PBXContainerItemProxy section */

/* Begin PBXFileReference section */
		154ECCE69C03B93402904B84 /* Pods-Parstagram.release.xcconfig */ = {isa = PBXFileReference; includeInIndex = 1; lastKnownFileType = text.xcconfig; name = "Pods-Parstagram.release.xcconfig"; path = "Target Support Files/Pods-Parstagram/Pods-Parstagram.release.xcconfig"; sourceTree = "<group>"; };
		17D81C92E32FE80F6B5362CF /* Pods-Parstagram-ParstagramUITests.debug.xcconfig */ = {isa = PBXFileReference; includeInIndex = 1; lastKnownFileType = text.xcconfig; name = "Pods-Parstagram-ParstagramUITests.debug.xcconfig"; path = "Target Support Files/Pods-Parstagram-ParstagramUITests/Pods-Parstagram-ParstagramUITests.debug.xcconfig"; sourceTree = "<group>"; };
		5E3FE3853C8CAB8883689683 /* Pods_Parstagram.framework */ = {isa = PBXFileReference; explicitFileType = wrapper.framework; includeInIndex = 0; path = Pods_Parstagram.framework; sourceTree = BUILT_PRODUCTS_DIR; };
		651A260D23FF580900E1AACD /* Parstagram.app */ = {isa = PBXFileReference; explicitFileType = wrapper.application; includeInIndex = 0; path = Parstagram.app; sourceTree = BUILT_PRODUCTS_DIR; };
		651A261023FF580900E1AACD /* AppDelegate.swift */ = {isa = PBXFileReference; lastKnownFileType = sourcecode.swift; path = AppDelegate.swift; sourceTree = "<group>"; };
		651A261223FF580900E1AACD /* SceneDelegate.swift */ = {isa = PBXFileReference; lastKnownFileType = sourcecode.swift; path = SceneDelegate.swift; sourceTree = "<group>"; };
		651A261723FF580900E1AACD /* Base */ = {isa = PBXFileReference; lastKnownFileType = file.storyboard; name = Base; path = Base.lproj/Main.storyboard; sourceTree = "<group>"; };
		651A261923FF580A00E1AACD /* Assets.xcassets */ = {isa = PBXFileReference; lastKnownFileType = folder.assetcatalog; path = Assets.xcassets; sourceTree = "<group>"; };
		651A261C23FF580A00E1AACD /* Base */ = {isa = PBXFileReference; lastKnownFileType = file.storyboard; name = Base; path = Base.lproj/LaunchScreen.storyboard; sourceTree = "<group>"; };
		651A261E23FF580A00E1AACD /* Info.plist */ = {isa = PBXFileReference; lastKnownFileType = text.plist.xml; path = Info.plist; sourceTree = "<group>"; };
		651A262323FF580A00E1AACD /* ParstagramTests.xctest */ = {isa = PBXFileReference; explicitFileType = wrapper.cfbundle; includeInIndex = 0; path = ParstagramTests.xctest; sourceTree = BUILT_PRODUCTS_DIR; };
		651A262723FF580A00E1AACD /* ParstagramTests.swift */ = {isa = PBXFileReference; lastKnownFileType = sourcecode.swift; path = ParstagramTests.swift; sourceTree = "<group>"; };
		651A262923FF580A00E1AACD /* Info.plist */ = {isa = PBXFileReference; lastKnownFileType = text.plist.xml; path = Info.plist; sourceTree = "<group>"; };
		651A262E23FF580A00E1AACD /* ParstagramUITests.xctest */ = {isa = PBXFileReference; explicitFileType = wrapper.cfbundle; includeInIndex = 0; path = ParstagramUITests.xctest; sourceTree = BUILT_PRODUCTS_DIR; };
		651A263223FF580A00E1AACD /* ParstagramUITests.swift */ = {isa = PBXFileReference; lastKnownFileType = sourcecode.swift; path = ParstagramUITests.swift; sourceTree = "<group>"; };
		651A263423FF580A00E1AACD /* Info.plist */ = {isa = PBXFileReference; lastKnownFileType = text.plist.xml; path = Info.plist; sourceTree = "<group>"; };
		65763CF0240640690001F7E0 /* CommentCell.swift */ = {isa = PBXFileReference; lastKnownFileType = sourcecode.swift; path = CommentCell.swift; sourceTree = "<group>"; };
		658F7C4523FF5A5A0012FC0A /* LoginViewController.swift */ = {isa = PBXFileReference; lastKnownFileType = sourcecode.swift; path = LoginViewController.swift; sourceTree = "<group>"; };
		658F7C4723FF63800012FC0A /* CameraViewController.swift */ = {isa = PBXFileReference; lastKnownFileType = sourcecode.swift; path = CameraViewController.swift; sourceTree = "<group>"; };
		658F7C4923FF6BFD0012FC0A /* PostCell.swift */ = {isa = PBXFileReference; lastKnownFileType = sourcecode.swift; path = PostCell.swift; sourceTree = "<group>"; };
		658F7C4B23FF6C680012FC0A /* FeedViewController.swift */ = {isa = PBXFileReference; lastKnownFileType = sourcecode.swift; path = FeedViewController.swift; sourceTree = "<group>"; };
		66BC70360CD969A348F3EDF3 /* Pods_Parstagram_ParstagramUITests.framework */ = {isa = PBXFileReference; explicitFileType = wrapper.framework; includeInIndex = 0; path = Pods_Parstagram_ParstagramUITests.framework; sourceTree = BUILT_PRODUCTS_DIR; };
		6EEE7691405DCDD1FAA93205 /* Pods-Parstagram-ParstagramUITests.release.xcconfig */ = {isa = PBXFileReference; includeInIndex = 1; lastKnownFileType = text.xcconfig; name = "Pods-Parstagram-ParstagramUITests.release.xcconfig"; path = "Target Support Files/Pods-Parstagram-ParstagramUITests/Pods-Parstagram-ParstagramUITests.release.xcconfig"; sourceTree = "<group>"; };
		7CE494D7FE0428AABA9DEEA4 /* Pods-Parstagram.debug.xcconfig */ = {isa = PBXFileReference; includeInIndex = 1; lastKnownFileType = text.xcconfig; name = "Pods-Parstagram.debug.xcconfig"; path = "Target Support Files/Pods-Parstagram/Pods-Parstagram.debug.xcconfig"; sourceTree = "<group>"; };
		8EE941F6A794B32C2070EB20 /* Pods-ParstagramTests.debug.xcconfig */ = {isa = PBXFileReference; includeInIndex = 1; lastKnownFileType = text.xcconfig; name = "Pods-ParstagramTests.debug.xcconfig"; path = "Target Support Files/Pods-ParstagramTests/Pods-ParstagramTests.debug.xcconfig"; sourceTree = "<group>"; };
		8FF8B2B3AF8CB7448B5B0F75 /* Pods_ParstagramTests.framework */ = {isa = PBXFileReference; explicitFileType = wrapper.framework; includeInIndex = 0; path = Pods_ParstagramTests.framework; sourceTree = BUILT_PRODUCTS_DIR; };
		F221F9D7BE0CE8A185E2C3BC /* Pods-ParstagramTests.release.xcconfig */ = {isa = PBXFileReference; includeInIndex = 1; lastKnownFileType = text.xcconfig; name = "Pods-ParstagramTests.release.xcconfig"; path = "Target Support Files/Pods-ParstagramTests/Pods-ParstagramTests.release.xcconfig"; sourceTree = "<group>"; };
/* End PBXFileReference section */

/* Begin PBXFrameworksBuildPhase section */
		651A260A23FF580900E1AACD /* Frameworks */ = {
			isa = PBXFrameworksBuildPhase;
			buildActionMask = 2147483647;
			files = (
				AA299B15A601724BE38D9E38 /* Pods_Parstagram.framework in Frameworks */,
			);
			runOnlyForDeploymentPostprocessing = 0;
		};
		651A262023FF580A00E1AACD /* Frameworks */ = {
			isa = PBXFrameworksBuildPhase;
			buildActionMask = 2147483647;
			files = (
				6198D25A4DB005FE14CCC6C2 /* Pods_ParstagramTests.framework in Frameworks */,
			);
			runOnlyForDeploymentPostprocessing = 0;
		};
		651A262B23FF580A00E1AACD /* Frameworks */ = {
			isa = PBXFrameworksBuildPhase;
			buildActionMask = 2147483647;
			files = (
				D2114062981B88AF920C17AF /* Pods_Parstagram_ParstagramUITests.framework in Frameworks */,
			);
			runOnlyForDeploymentPostprocessing = 0;
		};
/* End PBXFrameworksBuildPhase section */

/* Begin PBXGroup section */
		5B41E670CBA379CA228A8599 /* Frameworks */ = {
			isa = PBXGroup;
			children = (
				5E3FE3853C8CAB8883689683 /* Pods_Parstagram.framework */,
				66BC70360CD969A348F3EDF3 /* Pods_Parstagram_ParstagramUITests.framework */,
				8FF8B2B3AF8CB7448B5B0F75 /* Pods_ParstagramTests.framework */,
			);
			name = Frameworks;
			sourceTree = "<group>";
		};
		651A260423FF580900E1AACD = {
			isa = PBXGroup;
			children = (
				651A260F23FF580900E1AACD /* Parstagram */,
				651A262623FF580A00E1AACD /* ParstagramTests */,
				651A263123FF580A00E1AACD /* ParstagramUITests */,
				651A260E23FF580900E1AACD /* Products */,
				B47958F57E0294D4C3ADBED8 /* Pods */,
				5B41E670CBA379CA228A8599 /* Frameworks */,
			);
			sourceTree = "<group>";
		};
		651A260E23FF580900E1AACD /* Products */ = {
			isa = PBXGroup;
			children = (
				651A260D23FF580900E1AACD /* Parstagram.app */,
				651A262323FF580A00E1AACD /* ParstagramTests.xctest */,
				651A262E23FF580A00E1AACD /* ParstagramUITests.xctest */,
			);
			name = Products;
			sourceTree = "<group>";
		};
		651A260F23FF580900E1AACD /* Parstagram */ = {
			isa = PBXGroup;
			children = (
				651A261023FF580900E1AACD /* AppDelegate.swift */,
				651A261223FF580900E1AACD /* SceneDelegate.swift */,
				651A261623FF580900E1AACD /* Main.storyboard */,
				651A261923FF580A00E1AACD /* Assets.xcassets */,
				651A261B23FF580A00E1AACD /* LaunchScreen.storyboard */,
				651A261E23FF580A00E1AACD /* Info.plist */,
				658F7C4523FF5A5A0012FC0A /* LoginViewController.swift */,
				658F7C4723FF63800012FC0A /* CameraViewController.swift */,
				658F7C4923FF6BFD0012FC0A /* PostCell.swift */,
				658F7C4B23FF6C680012FC0A /* FeedViewController.swift */,
				65763CF0240640690001F7E0 /* CommentCell.swift */,
			);
			path = Parstagram;
			sourceTree = "<group>";
		};
		651A262623FF580A00E1AACD /* ParstagramTests */ = {
			isa = PBXGroup;
			children = (
				651A262723FF580A00E1AACD /* ParstagramTests.swift */,
				651A262923FF580A00E1AACD /* Info.plist */,
			);
			path = ParstagramTests;
			sourceTree = "<group>";
		};
		651A263123FF580A00E1AACD /* ParstagramUITests */ = {
			isa = PBXGroup;
			children = (
				651A263223FF580A00E1AACD /* ParstagramUITests.swift */,
				651A263423FF580A00E1AACD /* Info.plist */,
			);
			path = ParstagramUITests;
			sourceTree = "<group>";
		};
		B47958F57E0294D4C3ADBED8 /* Pods */ = {
			isa = PBXGroup;
			children = (
				7CE494D7FE0428AABA9DEEA4 /* Pods-Parstagram.debug.xcconfig */,
				154ECCE69C03B93402904B84 /* Pods-Parstagram.release.xcconfig */,
				17D81C92E32FE80F6B5362CF /* Pods-Parstagram-ParstagramUITests.debug.xcconfig */,
				6EEE7691405DCDD1FAA93205 /* Pods-Parstagram-ParstagramUITests.release.xcconfig */,
				8EE941F6A794B32C2070EB20 /* Pods-ParstagramTests.debug.xcconfig */,
				F221F9D7BE0CE8A185E2C3BC /* Pods-ParstagramTests.release.xcconfig */,
			);
			path = Pods;
			sourceTree = "<group>";
		};
/* End PBXGroup section */

/* Begin PBXNativeTarget section */
		651A260C23FF580900E1AACD /* Parstagram */ = {
			isa = PBXNativeTarget;
			buildConfigurationList = 651A263723FF580A00E1AACD /* Build configuration list for PBXNativeTarget "Parstagram" */;
			buildPhases = (
				9A376BEC4110B8B2632BFBA1 /* [CP] Check Pods Manifest.lock */,
				651A260923FF580900E1AACD /* Sources */,
				651A260A23FF580900E1AACD /* Frameworks */,
				651A260B23FF580900E1AACD /* Resources */,
				CC06B51A7CEAE0FE1A38F471 /* [CP] Embed Pods Frameworks */,
			);
			buildRules = (
			);
			dependencies = (
			);
			name = Parstagram;
			productName = Parstagram;
			productReference = 651A260D23FF580900E1AACD /* Parstagram.app */;
			productType = "com.apple.product-type.application";
		};
		651A262223FF580A00E1AACD /* ParstagramTests */ = {
			isa = PBXNativeTarget;
			buildConfigurationList = 651A263A23FF580A00E1AACD /* Build configuration list for PBXNativeTarget "ParstagramTests" */;
			buildPhases = (
				64136E560D5BAD0903A46B2D /* [CP] Check Pods Manifest.lock */,
				651A261F23FF580A00E1AACD /* Sources */,
				651A262023FF580A00E1AACD /* Frameworks */,
				651A262123FF580A00E1AACD /* Resources */,
			);
			buildRules = (
			);
			dependencies = (
				651A262523FF580A00E1AACD /* PBXTargetDependency */,
			);
			name = ParstagramTests;
			productName = ParstagramTests;
			productReference = 651A262323FF580A00E1AACD /* ParstagramTests.xctest */;
			productType = "com.apple.product-type.bundle.unit-test";
		};
		651A262D23FF580A00E1AACD /* ParstagramUITests */ = {
			isa = PBXNativeTarget;
			buildConfigurationList = 651A263D23FF580A00E1AACD /* Build configuration list for PBXNativeTarget "ParstagramUITests" */;
			buildPhases = (
				9DA006FDD8A9CFDC2F2F2BF3 /* [CP] Check Pods Manifest.lock */,
				651A262A23FF580A00E1AACD /* Sources */,
				651A262B23FF580A00E1AACD /* Frameworks */,
				651A262C23FF580A00E1AACD /* Resources */,
				D2DB3568E3EC4EA8E4608C19 /* [CP] Embed Pods Frameworks */,
			);
			buildRules = (
			);
			dependencies = (
				651A263023FF580A00E1AACD /* PBXTargetDependency */,
			);
			name = ParstagramUITests;
			productName = ParstagramUITests;
			productReference = 651A262E23FF580A00E1AACD /* ParstagramUITests.xctest */;
			productType = "com.apple.product-type.bundle.ui-testing";
		};
/* End PBXNativeTarget section */

/* Begin PBXProject section */
		651A260523FF580900E1AACD /* Project object */ = {
			isa = PBXProject;
			attributes = {
				LastSwiftUpdateCheck = 1130;
				LastUpgradeCheck = 1130;
				ORGANIZATIONNAME = "Tommy Nguyen";
				TargetAttributes = {
					651A260C23FF580900E1AACD = {
						CreatedOnToolsVersion = 11.3;
					};
					651A262223FF580A00E1AACD = {
						CreatedOnToolsVersion = 11.3;
						TestTargetID = 651A260C23FF580900E1AACD;
					};
					651A262D23FF580A00E1AACD = {
						CreatedOnToolsVersion = 11.3;
						TestTargetID = 651A260C23FF580900E1AACD;
					};
				};
			};
			buildConfigurationList = 651A260823FF580900E1AACD /* Build configuration list for PBXProject "Parstagram" */;
			compatibilityVersion = "Xcode 9.3";
			developmentRegion = en;
			hasScannedForEncodings = 0;
			knownRegions = (
				en,
				Base,
			);
			mainGroup = 651A260423FF580900E1AACD;
			productRefGroup = 651A260E23FF580900E1AACD /* Products */;
			projectDirPath = "";
			projectRoot = "";
			targets = (
				651A260C23FF580900E1AACD /* Parstagram */,
				651A262223FF580A00E1AACD /* ParstagramTests */,
				651A262D23FF580A00E1AACD /* ParstagramUITests */,
			);
		};
/* End PBXProject section */

/* Begin PBXResourcesBuildPhase section */
		651A260B23FF580900E1AACD /* Resources */ = {
			isa = PBXResourcesBuildPhase;
			buildActionMask = 2147483647;
			files = (
				651A261D23FF580A00E1AACD /* LaunchScreen.storyboard in Resources */,
				651A261A23FF580A00E1AACD /* Assets.xcassets in Resources */,
				651A261823FF580900E1AACD /* Main.storyboard in Resources */,
			);
			runOnlyForDeploymentPostprocessing = 0;
		};
		651A262123FF580A00E1AACD /* Resources */ = {
			isa = PBXResourcesBuildPhase;
			buildActionMask = 2147483647;
			files = (
			);
			runOnlyForDeploymentPostprocessing = 0;
		};
		651A262C23FF580A00E1AACD /* Resources */ = {
			isa = PBXResourcesBuildPhase;
			buildActionMask = 2147483647;
			files = (
			);
			runOnlyForDeploymentPostprocessing = 0;
		};
/* End PBXResourcesBuildPhase section */

/* Begin PBXShellScriptBuildPhase section */
		64136E560D5BAD0903A46B2D /* [CP] Check Pods Manifest.lock */ = {
			isa = PBXShellScriptBuildPhase;
			buildActionMask = 2147483647;
			files = (
			);
			inputFileListPaths = (
			);
			inputPaths = (
				"${PODS_PODFILE_DIR_PATH}/Podfile.lock",
				"${PODS_ROOT}/Manifest.lock",
			);
			name = "[CP] Check Pods Manifest.lock";
			outputFileListPaths = (
			);
			outputPaths = (
				"$(DERIVED_FILE_DIR)/Pods-ParstagramTests-checkManifestLockResult.txt",
			);
			runOnlyForDeploymentPostprocessing = 0;
			shellPath = /bin/sh;
			shellScript = "diff \"${PODS_PODFILE_DIR_PATH}/Podfile.lock\" \"${PODS_ROOT}/Manifest.lock\" > /dev/null\nif [ $? != 0 ] ; then\n    # print error to STDERR\n    echo \"error: The sandbox is not in sync with the Podfile.lock. Run 'pod install' or update your CocoaPods installation.\" >&2\n    exit 1\nfi\n# This output is used by Xcode 'outputs' to avoid re-running this script phase.\necho \"SUCCESS\" > \"${SCRIPT_OUTPUT_FILE_0}\"\n";
			showEnvVarsInLog = 0;
		};
		9A376BEC4110B8B2632BFBA1 /* [CP] Check Pods Manifest.lock */ = {
			isa = PBXShellScriptBuildPhase;
			buildActionMask = 2147483647;
			files = (
			);
			inputFileListPaths = (
			);
			inputPaths = (
				"${PODS_PODFILE_DIR_PATH}/Podfile.lock",
				"${PODS_ROOT}/Manifest.lock",
			);
			name = "[CP] Check Pods Manifest.lock";
			outputFileListPaths = (
			);
			outputPaths = (
				"$(DERIVED_FILE_DIR)/Pods-Parstagram-checkManifestLockResult.txt",
			);
			runOnlyForDeploymentPostprocessing = 0;
			shellPath = /bin/sh;
			shellScript = "diff \"${PODS_PODFILE_DIR_PATH}/Podfile.lock\" \"${PODS_ROOT}/Manifest.lock\" > /dev/null\nif [ $? != 0 ] ; then\n    # print error to STDERR\n    echo \"error: The sandbox is not in sync with the Podfile.lock. Run 'pod install' or update your CocoaPods installation.\" >&2\n    exit 1\nfi\n# This output is used by Xcode 'outputs' to avoid re-running this script phase.\necho \"SUCCESS\" > \"${SCRIPT_OUTPUT_FILE_0}\"\n";
			showEnvVarsInLog = 0;
		};
		9DA006FDD8A9CFDC2F2F2BF3 /* [CP] Check Pods Manifest.lock */ = {
			isa = PBXShellScriptBuildPhase;
			buildActionMask = 2147483647;
			files = (
			);
			inputFileListPaths = (
			);
			inputPaths = (
				"${PODS_PODFILE_DIR_PATH}/Podfile.lock",
				"${PODS_ROOT}/Manifest.lock",
			);
			name = "[CP] Check Pods Manifest.lock";
			outputFileListPaths = (
			);
			outputPaths = (
				"$(DERIVED_FILE_DIR)/Pods-Parstagram-ParstagramUITests-checkManifestLockResult.txt",
			);
			runOnlyForDeploymentPostprocessing = 0;
			shellPath = /bin/sh;
			shellScript = "diff \"${PODS_PODFILE_DIR_PATH}/Podfile.lock\" \"${PODS_ROOT}/Manifest.lock\" > /dev/null\nif [ $? != 0 ] ; then\n    # print error to STDERR\n    echo \"error: The sandbox is not in sync with the Podfile.lock. Run 'pod install' or update your CocoaPods installation.\" >&2\n    exit 1\nfi\n# This output is used by Xcode 'outputs' to avoid re-running this script phase.\necho \"SUCCESS\" > \"${SCRIPT_OUTPUT_FILE_0}\"\n";
			showEnvVarsInLog = 0;
		};
		CC06B51A7CEAE0FE1A38F471 /* [CP] Embed Pods Frameworks */ = {
			isa = PBXShellScriptBuildPhase;
			buildActionMask = 2147483647;
			files = (
			);
			inputFileListPaths = (
				"${PODS_ROOT}/Target Support Files/Pods-Parstagram/Pods-Parstagram-frameworks-${CONFIGURATION}-input-files.xcfilelist",
			);
			name = "[CP] Embed Pods Frameworks";
			outputFileListPaths = (
				"${PODS_ROOT}/Target Support Files/Pods-Parstagram/Pods-Parstagram-frameworks-${CONFIGURATION}-output-files.xcfilelist",
			);
			runOnlyForDeploymentPostprocessing = 0;
			shellPath = /bin/sh;
			shellScript = "\"${PODS_ROOT}/Target Support Files/Pods-Parstagram/Pods-Parstagram-frameworks.sh\"\n";
			showEnvVarsInLog = 0;
		};
		D2DB3568E3EC4EA8E4608C19 /* [CP] Embed Pods Frameworks */ = {
			isa = PBXShellScriptBuildPhase;
			buildActionMask = 2147483647;
			files = (
			);
			inputFileListPaths = (
				"${PODS_ROOT}/Target Support Files/Pods-Parstagram-ParstagramUITests/Pods-Parstagram-ParstagramUITests-frameworks-${CONFIGURATION}-input-files.xcfilelist",
			);
			name = "[CP] Embed Pods Frameworks";
			outputFileListPaths = (
				"${PODS_ROOT}/Target Support Files/Pods-Parstagram-ParstagramUITests/Pods-Parstagram-ParstagramUITests-frameworks-${CONFIGURATION}-output-files.xcfilelist",
			);
			runOnlyForDeploymentPostprocessing = 0;
			shellPath = /bin/sh;
			shellScript = "\"${PODS_ROOT}/Target Support Files/Pods-Parstagram-ParstagramUITests/Pods-Parstagram-ParstagramUITests-frameworks.sh\"\n";
			showEnvVarsInLog = 0;
		};
/* End PBXShellScriptBuildPhase section */

/* Begin PBXSourcesBuildPhase section */
		651A260923FF580900E1AACD /* Sources */ = {
			isa = PBXSourcesBuildPhase;
			buildActionMask = 2147483647;
			files = (
				658F7C4623FF5A5A0012FC0A /* LoginViewController.swift in Sources */,
				658F7C4823FF63800012FC0A /* CameraViewController.swift in Sources */,
				651A261123FF580900E1AACD /* AppDelegate.swift in Sources */,
				651A261323FF580900E1AACD /* SceneDelegate.swift in Sources */,
				658F7C4C23FF6C680012FC0A /* FeedViewController.swift in Sources */,
				658F7C4A23FF6BFD0012FC0A /* PostCell.swift in Sources */,
				65763CF1240640690001F7E0 /* CommentCell.swift in Sources */,
			);
			runOnlyForDeploymentPostprocessing = 0;
		};
		651A261F23FF580A00E1AACD /* Sources */ = {
			isa = PBXSourcesBuildPhase;
			buildActionMask = 2147483647;
			files = (
				651A262823FF580A00E1AACD /* ParstagramTests.swift in Sources */,
			);
			runOnlyForDeploymentPostprocessing = 0;
		};
		651A262A23FF580A00E1AACD /* Sources */ = {
			isa = PBXSourcesBuildPhase;
			buildActionMask = 2147483647;
			files = (
				651A263323FF580A00E1AACD /* ParstagramUITests.swift in Sources */,
			);
			runOnlyForDeploymentPostprocessing = 0;
		};
/* End PBXSourcesBuildPhase section */

/* Begin PBXTargetDependency section */
		651A262523FF580A00E1AACD /* PBXTargetDependency */ = {
			isa = PBXTargetDependency;
			target = 651A260C23FF580900E1AACD /* Parstagram */;
			targetProxy = 651A262423FF580A00E1AACD /* PBXContainerItemProxy */;
		};
		651A263023FF580A00E1AACD /* PBXTargetDependency */ = {
			isa = PBXTargetDependency;
			target = 651A260C23FF580900E1AACD /* Parstagram */;
			targetProxy = 651A262F23FF580A00E1AACD /* PBXContainerItemProxy */;
		};
/* End PBXTargetDependency section */

/* Begin PBXVariantGroup section */
		651A261623FF580900E1AACD /* Main.storyboard */ = {
			isa = PBXVariantGroup;
			children = (
				651A261723FF580900E1AACD /* Base */,
			);
			name = Main.storyboard;
			sourceTree = "<group>";
		};
		651A261B23FF580A00E1AACD /* LaunchScreen.storyboard */ = {
			isa = PBXVariantGroup;
			children = (
				651A261C23FF580A00E1AACD /* Base */,
			);
			name = LaunchScreen.storyboard;
			sourceTree = "<group>";
		};
/* End PBXVariantGroup section */

/* Begin XCBuildConfiguration section */
		651A263523FF580A00E1AACD /* Debug */ = {
			isa = XCBuildConfiguration;
			buildSettings = {
				ALWAYS_SEARCH_USER_PATHS = NO;
				CLANG_ANALYZER_NONNULL = YES;
				CLANG_ANALYZER_NUMBER_OBJECT_CONVERSION = YES_AGGRESSIVE;
				CLANG_CXX_LANGUAGE_STANDARD = "gnu++14";
				CLANG_CXX_LIBRARY = "libc++";
				CLANG_ENABLE_MODULES = YES;
				CLANG_ENABLE_OBJC_ARC = YES;
				CLANG_ENABLE_OBJC_WEAK = YES;
				CLANG_WARN_BLOCK_CAPTURE_AUTORELEASING = YES;
				CLANG_WARN_BOOL_CONVERSION = YES;
				CLANG_WARN_COMMA = YES;
				CLANG_WARN_CONSTANT_CONVERSION = YES;
				CLANG_WARN_DEPRECATED_OBJC_IMPLEMENTATIONS = YES;
				CLANG_WARN_DIRECT_OBJC_ISA_USAGE = YES_ERROR;
				CLANG_WARN_DOCUMENTATION_COMMENTS = YES;
				CLANG_WARN_EMPTY_BODY = YES;
				CLANG_WARN_ENUM_CONVERSION = YES;
				CLANG_WARN_INFINITE_RECURSION = YES;
				CLANG_WARN_INT_CONVERSION = YES;
				CLANG_WARN_NON_LITERAL_NULL_CONVERSION = YES;
				CLANG_WARN_OBJC_IMPLICIT_RETAIN_SELF = YES;
				CLANG_WARN_OBJC_LITERAL_CONVERSION = YES;
				CLANG_WARN_OBJC_ROOT_CLASS = YES_ERROR;
				CLANG_WARN_RANGE_LOOP_ANALYSIS = YES;
				CLANG_WARN_STRICT_PROTOTYPES = YES;
				CLANG_WARN_SUSPICIOUS_MOVE = YES;
				CLANG_WARN_UNGUARDED_AVAILABILITY = YES_AGGRESSIVE;
				CLANG_WARN_UNREACHABLE_CODE = YES;
				CLANG_WARN__DUPLICATE_METHOD_MATCH = YES;
				COPY_PHASE_STRIP = NO;
				DEBUG_INFORMATION_FORMAT = dwarf;
				ENABLE_STRICT_OBJC_MSGSEND = YES;
				ENABLE_TESTABILITY = YES;
				GCC_C_LANGUAGE_STANDARD = gnu11;
				GCC_DYNAMIC_NO_PIC = NO;
				GCC_NO_COMMON_BLOCKS = YES;
				GCC_OPTIMIZATION_LEVEL = 0;
				GCC_PREPROCESSOR_DEFINITIONS = (
					"DEBUG=1",
					"$(inherited)",
				);
				GCC_WARN_64_TO_32_BIT_CONVERSION = YES;
				GCC_WARN_ABOUT_RETURN_TYPE = YES_ERROR;
				GCC_WARN_UNDECLARED_SELECTOR = YES;
				GCC_WARN_UNINITIALIZED_AUTOS = YES_AGGRESSIVE;
				GCC_WARN_UNUSED_FUNCTION = YES;
				GCC_WARN_UNUSED_VARIABLE = YES;
				IPHONEOS_DEPLOYMENT_TARGET = 13.2;
				MTL_ENABLE_DEBUG_INFO = INCLUDE_SOURCE;
				MTL_FAST_MATH = YES;
				ONLY_ACTIVE_ARCH = YES;
				SDKROOT = iphoneos;
				SWIFT_ACTIVE_COMPILATION_CONDITIONS = DEBUG;
				SWIFT_OPTIMIZATION_LEVEL = "-Onone";
			};
			name = Debug;
		};
		651A263623FF580A00E1AACD /* Release */ = {
			isa = XCBuildConfiguration;
			buildSettings = {
				ALWAYS_SEARCH_USER_PATHS = NO;
				CLANG_ANALYZER_NONNULL = YES;
				CLANG_ANALYZER_NUMBER_OBJECT_CONVERSION = YES_AGGRESSIVE;
				CLANG_CXX_LANGUAGE_STANDARD = "gnu++14";
				CLANG_CXX_LIBRARY = "libc++";
				CLANG_ENABLE_MODULES = YES;
				CLANG_ENABLE_OBJC_ARC = YES;
				CLANG_ENABLE_OBJC_WEAK = YES;
				CLANG_WARN_BLOCK_CAPTURE_AUTORELEASING = YES;
				CLANG_WARN_BOOL_CONVERSION = YES;
				CLANG_WARN_COMMA = YES;
				CLANG_WARN_CONSTANT_CONVERSION = YES;
				CLANG_WARN_DEPRECATED_OBJC_IMPLEMENTATIONS = YES;
				CLANG_WARN_DIRECT_OBJC_ISA_USAGE = YES_ERROR;
				CLANG_WARN_DOCUMENTATION_COMMENTS = YES;
				CLANG_WARN_EMPTY_BODY = YES;
				CLANG_WARN_ENUM_CONVERSION = YES;
				CLANG_WARN_INFINITE_RECURSION = YES;
				CLANG_WARN_INT_CONVERSION = YES;
				CLANG_WARN_NON_LITERAL_NULL_CONVERSION = YES;
				CLANG_WARN_OBJC_IMPLICIT_RETAIN_SELF = YES;
				CLANG_WARN_OBJC_LITERAL_CONVERSION = YES;
				CLANG_WARN_OBJC_ROOT_CLASS = YES_ERROR;
				CLANG_WARN_RANGE_LOOP_ANALYSIS = YES;
				CLANG_WARN_STRICT_PROTOTYPES = YES;
				CLANG_WARN_SUSPICIOUS_MOVE = YES;
				CLANG_WARN_UNGUARDED_AVAILABILITY = YES_AGGRESSIVE;
				CLANG_WARN_UNREACHABLE_CODE = YES;
				CLANG_WARN__DUPLICATE_METHOD_MATCH = YES;
				COPY_PHASE_STRIP = NO;
				DEBUG_INFORMATION_FORMAT = "dwarf-with-dsym";
				ENABLE_NS_ASSERTIONS = NO;
				ENABLE_STRICT_OBJC_MSGSEND = YES;
				GCC_C_LANGUAGE_STANDARD = gnu11;
				GCC_NO_COMMON_BLOCKS = YES;
				GCC_WARN_64_TO_32_BIT_CONVERSION = YES;
				GCC_WARN_ABOUT_RETURN_TYPE = YES_ERROR;
				GCC_WARN_UNDECLARED_SELECTOR = YES;
				GCC_WARN_UNINITIALIZED_AUTOS = YES_AGGRESSIVE;
				GCC_WARN_UNUSED_FUNCTION = YES;
				GCC_WARN_UNUSED_VARIABLE = YES;
				IPHONEOS_DEPLOYMENT_TARGET = 13.2;
				MTL_ENABLE_DEBUG_INFO = NO;
				MTL_FAST_MATH = YES;
				SDKROOT = iphoneos;
				SWIFT_COMPILATION_MODE = wholemodule;
				SWIFT_OPTIMIZATION_LEVEL = "-O";
				VALIDATE_PRODUCT = YES;
			};
			name = Release;
		};
		651A263823FF580A00E1AACD /* Debug */ = {
			isa = XCBuildConfiguration;
			baseConfigurationReference = 7CE494D7FE0428AABA9DEEA4 /* Pods-Parstagram.debug.xcconfig */;
			buildSettings = {
				ASSETCATALOG_COMPILER_APPICON_NAME = AppIcon;
				CODE_SIGN_STYLE = Automatic;
				DEVELOPMENT_TEAM = P74A6792VC;
				INFOPLIST_FILE = Parstagram/Info.plist;
				LD_RUNPATH_SEARCH_PATHS = (
					"$(inherited)",
					"@executable_path/Frameworks",
				);
				PRODUCT_BUNDLE_IDENTIFIER = tommypn1.Parstagram;
				PRODUCT_NAME = "$(TARGET_NAME)";
				SWIFT_VERSION = 5.0;
				TARGETED_DEVICE_FAMILY = "1,2";
			};
			name = Debug;
		};
		651A263923FF580A00E1AACD /* Release */ = {
			isa = XCBuildConfiguration;
			baseConfigurationReference = 154ECCE69C03B93402904B84 /* Pods-Parstagram.release.xcconfig */;
			buildSettings = {
				ASSETCATALOG_COMPILER_APPICON_NAME = AppIcon;
				CODE_SIGN_STYLE = Automatic;
				DEVELOPMENT_TEAM = P74A6792VC;
				INFOPLIST_FILE = Parstagram/Info.plist;
				LD_RUNPATH_SEARCH_PATHS = (
					"$(inherited)",
					"@executable_path/Frameworks",
				);
				PRODUCT_BUNDLE_IDENTIFIER = tommypn1.Parstagram;
				PRODUCT_NAME = "$(TARGET_NAME)";
				SWIFT_VERSION = 5.0;
				TARGETED_DEVICE_FAMILY = "1,2";
			};
			name = Release;
		};
		651A263B23FF580A00E1AACD /* Debug */ = {
			isa = XCBuildConfiguration;
			baseConfigurationReference = 8EE941F6A794B32C2070EB20 /* Pods-ParstagramTests.debug.xcconfig */;
			buildSettings = {
				ALWAYS_EMBED_SWIFT_STANDARD_LIBRARIES = YES;
				BUNDLE_LOADER = "$(TEST_HOST)";
				CODE_SIGN_STYLE = Automatic;
				DEVELOPMENT_TEAM = P74A6792VC;
				INFOPLIST_FILE = ParstagramTests/Info.plist;
				IPHONEOS_DEPLOYMENT_TARGET = 13.2;
				LD_RUNPATH_SEARCH_PATHS = (
					"$(inherited)",
					"@executable_path/Frameworks",
					"@loader_path/Frameworks",
				);
				PRODUCT_BUNDLE_IDENTIFIER = CodePath.ParstagramTests;
				PRODUCT_NAME = "$(TARGET_NAME)";
				SWIFT_VERSION = 5.0;
				TARGETED_DEVICE_FAMILY = "1,2";
				TEST_HOST = "$(BUILT_PRODUCTS_DIR)/Parstagram.app/Parstagram";
			};
			name = Debug;
		};
		651A263C23FF580A00E1AACD /* Release */ = {
			isa = XCBuildConfiguration;
			baseConfigurationReference = F221F9D7BE0CE8A185E2C3BC /* Pods-ParstagramTests.release.xcconfig */;
			buildSettings = {
				ALWAYS_EMBED_SWIFT_STANDARD_LIBRARIES = YES;
				BUNDLE_LOADER = "$(TEST_HOST)";
				CODE_SIGN_STYLE = Automatic;
				DEVELOPMENT_TEAM = P74A6792VC;
				INFOPLIST_FILE = ParstagramTests/Info.plist;
				IPHONEOS_DEPLOYMENT_TARGET = 13.2;
				LD_RUNPATH_SEARCH_PATHS = (
					"$(inherited)",
					"@executable_path/Frameworks",
					"@loader_path/Frameworks",
				);
				PRODUCT_BUNDLE_IDENTIFIER = CodePath.ParstagramTests;
				PRODUCT_NAME = "$(TARGET_NAME)";
				SWIFT_VERSION = 5.0;
				TARGETED_DEVICE_FAMILY = "1,2";
				TEST_HOST = "$(BUILT_PRODUCTS_DIR)/Parstagram.app/Parstagram";
			};
			name = Release;
		};
		651A263E23FF580A00E1AACD /* Debug */ = {
			isa = XCBuildConfiguration;
			baseConfigurationReference = 17D81C92E32FE80F6B5362CF /* Pods-Parstagram-ParstagramUITests.debug.xcconfig */;
			buildSettings = {
				ALWAYS_EMBED_SWIFT_STANDARD_LIBRARIES = YES;
				CODE_SIGN_STYLE = Automatic;
				DEVELOPMENT_TEAM = P74A6792VC;
				INFOPLIST_FILE = ParstagramUITests/Info.plist;
				LD_RUNPATH_SEARCH_PATHS = (
					"$(inherited)",
					"@executable_path/Frameworks",
					"@loader_path/Frameworks",
				);
				PRODUCT_BUNDLE_IDENTIFIER = CodePath.ParstagramUITests;
				PRODUCT_NAME = "$(TARGET_NAME)";
				SWIFT_VERSION = 5.0;
				TARGETED_DEVICE_FAMILY = "1,2";
				TEST_TARGET_NAME = Parstagram;
			};
			name = Debug;
		};
		651A263F23FF580A00E1AACD /* Release */ = {
			isa = XCBuildConfiguration;
			baseConfigurationReference = 6EEE7691405DCDD1FAA93205 /* Pods-Parstagram-ParstagramUITests.release.xcconfig */;
			buildSettings = {
				ALWAYS_EMBED_SWIFT_STANDARD_LIBRARIES = YES;
				CODE_SIGN_STYLE = Automatic;
				DEVELOPMENT_TEAM = P74A6792VC;
				INFOPLIST_FILE = ParstagramUITests/Info.plist;
				LD_RUNPATH_SEARCH_PATHS = (
					"$(inherited)",
					"@executable_path/Frameworks",
					"@loader_path/Frameworks",
				);
				PRODUCT_BUNDLE_IDENTIFIER = CodePath.ParstagramUITests;
				PRODUCT_NAME = "$(TARGET_NAME)";
				SWIFT_VERSION = 5.0;
				TARGETED_DEVICE_FAMILY = "1,2";
				TEST_TARGET_NAME = Parstagram;
			};
			name = Release;
		};
/* End XCBuildConfiguration section */

/* Begin XCConfigurationList section */
		651A260823FF580900E1AACD /* Build configuration list for PBXProject "Parstagram" */ = {
			isa = XCConfigurationList;
			buildConfigurations = (
				651A263523FF580A00E1AACD /* Debug */,
				651A263623FF580A00E1AACD /* Release */,
			);
			defaultConfigurationIsVisible = 0;
			defaultConfigurationName = Release;
		};
		651A263723FF580A00E1AACD /* Build configuration list for PBXNativeTarget "Parstagram" */ = {
			isa = XCConfigurationList;
			buildConfigurations = (
				651A263823FF580A00E1AACD /* Debug */,
				651A263923FF580A00E1AACD /* Release */,
			);
			defaultConfigurationIsVisible = 0;
			defaultConfigurationName = Release;
		};
		651A263A23FF580A00E1AACD /* Build configuration list for PBXNativeTarget "ParstagramTests" */ = {
			isa = XCConfigurationList;
			buildConfigurations = (
				651A263B23FF580A00E1AACD /* Debug */,
				651A263C23FF580A00E1AACD /* Release */,
			);
			defaultConfigurationIsVisible = 0;
			defaultConfigurationName = Release;
		};
		651A263D23FF580A00E1AACD /* Build configuration list for PBXNativeTarget "ParstagramUITests" */ = {
			isa = XCConfigurationList;
			buildConfigurations = (
				651A263E23FF580A00E1AACD /* Debug */,
				651A263F23FF580A00E1AACD /* Release */,
			);
			defaultConfigurationIsVisible = 0;
			defaultConfigurationName = Release;
		};
/* End XCConfigurationList section */
	};
	rootObject = 651A260523FF580900E1AACD /* Project object */;
}
